
Microsoft Visual Studio Solution File, Format Version 12.00
# Visual Studio 15
VisualStudioVersion = 15.0.28307.489
MinimumVisualStudioVersion = 10.0.40219.1
Project("{FAE04EC0-301F-11D3-BF4B-00C04F79EFBC}") = "GigHub", "GigHub\GigHub.csproj", "{A74EE90E-50F4-44D7-833B-BEC36D677232}"
EndProject
Global
	GlobalSection(SolutionConfigurationPlatforms) = preSolution
		Debug|Any CPU = Debug|Any CPU
		Release|Any CPU = Release|Any CPU
	EndGlobalSection
	GlobalSection(ProjectConfigurationPlatforms) = postSolution
		{A74EE90E-50F4-44D7-833B-BEC36D677232}.Debug|Any CPU.ActiveCfg = Debug|Any CPU
		{A74EE90E-50F4-44D7-833B-BEC36D677232}.Debug|Any CPU.Build.0 = Debug|Any CPU
		{A74EE90E-50F4-44D7-833B-BEC36D677232}.Release|Any CPU.ActiveCfg = Release|Any CPU
		{A74EE90E-50F4-44D7-833B-BEC36D677232}.Release|Any CPU.Build.0 = Release|Any CPU
	EndGlobalSection
	GlobalSection(SolutionProperties) = preSolution
		HideSolutionNode = FALSE
	EndGlobalSection
	GlobalSection(ExtensibilityGlobals) = postSolution
		SolutionGuid = {4D79FC81-60C5-4CC4-9EF4-E4C1622B912B}
	EndGlobalSection
EndGlobal
